// !$*UTF8*$!
{
	archiveVersion = 1;
	classes = {
	};
	objectVersion = 56;
	objects = {

/* Begin PBXBuildFile section */
		36D9198D2A3A3986001F91EE /* MoodBoostApp.swift in Sources */ = {isa = PBXBuildFile; fileRef = 36D9198C2A3A3986001F91EE /* MoodBoostApp.swift */; };
		36D9198F2A3A3986001F91EE /* ContentView.swift in Sources */ = {isa = PBXBuildFile; fileRef = 36D9198E2A3A3986001F91EE /* ContentView.swift */; };
		36D919912A3A3989001F91EE /* Assets.xcassets in Resources */ = {isa = PBXBuildFile; fileRef = 36D919902A3A3989001F91EE /* Assets.xcassets */; };
		36D919942A3A3989001F91EE /* Preview Assets.xcassets in Resources */ = {isa = PBXBuildFile; fileRef = 36D919932A3A3989001F91EE /* Preview Assets.xcassets */; };
		36D919962A3A3989001F91EE /* Persistence.swift in Sources */ = {isa = PBXBuildFile; fileRef = 36D919952A3A3989001F91EE /* Persistence.swift */; };
		36D919992A3A3989001F91EE /* MoodBoost.xcdatamodeld in Sources */ = {isa = PBXBuildFile; fileRef = 36D919972A3A3989001F91EE /* MoodBoost.xcdatamodeld */; };
		36D919A02A3A42B7001F91EE /* EmotionPage.swift in Sources */ = {isa = PBXBuildFile; fileRef = 36D9199F2A3A42B7001F91EE /* EmotionPage.swift */; };
		36D919A22A3A42F3001F91EE /* AnxiousPage.swift in Sources */ = {isa = PBXBuildFile; fileRef = 36D919A12A3A42F2001F91EE /* AnxiousPage.swift */; };
		36D919A42A3A430F001F91EE /* SadPage.swift in Sources */ = {isa = PBXBuildFile; fileRef = 36D919A32A3A430F001F91EE /* SadPage.swift */; };
		36D919A62A3A4335001F91EE /* AngryPage.swift in Sources */ = {isa = PBXBuildFile; fileRef = 36D919A52A3A4335001F91EE /* AngryPage.swift */; };
		36D919A82A3A43EC001F91EE /* AnxiousJournal.swift in Sources */ = {isa = PBXBuildFile; fileRef = 36D919A72A3A43EC001F91EE /* AnxiousJournal.swift */; };
		36D919AA2A3A4402001F91EE /* SadJournal.swift in Sources */ = {isa = PBXBuildFile; fileRef = 36D919A92A3A4402001F91EE /* SadJournal.swift */; };
		36D919AC2A3A4416001F91EE /* AngryJournal.swift in Sources */ = {isa = PBXBuildFile; fileRef = 36D919AB2A3A4416001F91EE /* AngryJournal.swift */; };
		36D919AE2A3A4459001F91EE /* AnxiousResources.swift in Sources */ = {isa = PBXBuildFile; fileRef = 36D919AD2A3A4459001F91EE /* AnxiousResources.swift */; };
		36D919B02A3A4475001F91EE /* SadResources.swift in Sources */ = {isa = PBXBuildFile; fileRef = 36D919AF2A3A4475001F91EE /* SadResources.swift */; };
		36D919B22A3A44AA001F91EE /* AngryResources.swift in Sources */ = {isa = PBXBuildFile; fileRef = 36D919B12A3A44AA001F91EE /* AngryResources.swift */; };
/* End PBXBuildFile section */

/* Begin PBXFileReference section */
		36D919892A3A3986001F91EE /* MoodBoost.app */ = {isa = PBXFileReference; explicitFileType = wrapper.application; includeInIndex = 0; path = MoodBoost.app; sourceTree = BUILT_PRODUCTS_DIR; };
		36D9198C2A3A3986001F91EE /* MoodBoostApp.swift */ = {isa = PBXFileReference; lastKnownFileType = sourcecode.swift; path = MoodBoostApp.swift; sourceTree = "<group>"; };
		36D9198E2A3A3986001F91EE /* ContentView.swift */ = {isa = PBXFileReference; lastKnownFileType = sourcecode.swift; path = ContentView.swift; sourceTree = "<group>"; };
		36D919902A3A3989001F91EE /* Assets.xcassets */ = {isa = PBXFileReference; lastKnownFileType = folder.assetcatalog; path = Assets.xcassets; sourceTree = "<group>"; };
		36D919932A3A3989001F91EE /* Preview Assets.xcassets */ = {isa = PBXFileReference; lastKnownFileType = folder.assetcatalog; path = "Preview Assets.xcassets"; sourceTree = "<group>"; };
		36D919952A3A3989001F91EE /* Persistence.swift */ = {isa = PBXFileReference; lastKnownFileType = sourcecode.swift; path = Persistence.swift; sourceTree = "<group>"; };
		36D919982A3A3989001F91EE /* MoodBoost.xcdatamodel */ = {isa = PBXFileReference; lastKnownFileType = wrapper.xcdatamodel; path = MoodBoost.xcdatamodel; sourceTree = "<group>"; };
		36D9199F2A3A42B7001F91EE /* EmotionPage.swift */ = {isa = PBXFileReference; lastKnownFileType = sourcecode.swift; path = EmotionPage.swift; sourceTree = "<group>"; };
		36D919A12A3A42F2001F91EE /* AnxiousPage.swift */ = {isa = PBXFileReference; lastKnownFileType = sourcecode.swift; path = AnxiousPage.swift; sourceTree = "<group>"; };
		36D919A32A3A430F001F91EE /* SadPage.swift */ = {isa = PBXFileReference; lastKnownFileType = sourcecode.swift; path = SadPage.swift; sourceTree = "<group>"; };
		36D919A52A3A4335001F91EE /* AngryPage.swift */ = {isa = PBXFileReference; lastKnownFileType = sourcecode.swift; path = AngryPage.swift; sourceTree = "<group>"; };
		36D919A72A3A43EC001F91EE /* AnxiousJournal.swift */ = {isa = PBXFileReference; lastKnownFileType = sourcecode.swift; path = AnxiousJournal.swift; sourceTree = "<group>"; };
		36D919A92A3A4402001F91EE /* SadJournal.swift */ = {isa = PBXFileReference; lastKnownFileType = sourcecode.swift; path = SadJournal.swift; sourceTree = "<group>"; };
		36D919AB2A3A4416001F91EE /* AngryJournal.swift */ = {isa = PBXFileReference; lastKnownFileType = sourcecode.swift; path = AngryJournal.swift; sourceTree = "<group>"; };
		36D919AD2A3A4459001F91EE /* AnxiousResources.swift */ = {isa = PBXFileReference; lastKnownFileType = sourcecode.swift; path = AnxiousResources.swift; sourceTree = "<group>"; };
		36D919AF2A3A4475001F91EE /* SadResources.swift */ = {isa = PBXFileReference; lastKnownFileType = sourcecode.swift; path = SadResources.swift; sourceTree = "<group>"; };
		36D919B12A3A44AA001F91EE /* AngryResources.swift */ = {isa = PBXFileReference; lastKnownFileType = sourcecode.swift; path = AngryResources.swift; sourceTree = "<group>"; };
/* End PBXFileReference section */

/* Begin PBXFrameworksBuildPhase section */
		36D919862A3A3986001F91EE /* Frameworks */ = {
			isa = PBXFrameworksBuildPhase;
			buildActionMask = 2147483647;
			files = (
			);
			runOnlyForDeploymentPostprocessing = 0;
		};
/* End PBXFrameworksBuildPhase section */

/* Begin PBXGroup section */
		36D919802A3A3986001F91EE = {
			isa = PBXGroup;
			children = (
				36D9198B2A3A3986001F91EE /* MoodBoost */,
				36D9198A2A3A3986001F91EE /* Products */,
			);
			sourceTree = "<group>";
		};
		36D9198A2A3A3986001F91EE /* Products */ = {
			isa = PBXGroup;
			children = (
				36D919892A3A3986001F91EE /* MoodBoost.app */,
			);
			name = Products;
			sourceTree = "<group>";
		};
		36D9198B2A3A3986001F91EE /* MoodBoost */ = {
			isa = PBXGroup;
			children = (
				36D9198C2A3A3986001F91EE /* MoodBoostApp.swift */,
				36D9198E2A3A3986001F91EE /* ContentView.swift */,
				36D9199F2A3A42B7001F91EE /* EmotionPage.swift */,
				36D919A12A3A42F2001F91EE /* AnxiousPage.swift */,
				36D919A72A3A43EC001F91EE /* AnxiousJournal.swift */,
				36D919AD2A3A4459001F91EE /* AnxiousResources.swift */,
				36D919A32A3A430F001F91EE /* SadPage.swift */,
				36D919A92A3A4402001F91EE /* SadJournal.swift */,
				36D919AF2A3A4475001F91EE /* SadResources.swift */,
				36D919A52A3A4335001F91EE /* AngryPage.swift */,
				36D919AB2A3A4416001F91EE /* AngryJournal.swift */,
				36D919B12A3A44AA001F91EE /* AngryResources.swift */,
				36D919902A3A3989001F91EE /* Assets.xcassets */,
				36D919952A3A3989001F91EE /* Persistence.swift */,
				36D919972A3A3989001F91EE /* MoodBoost.xcdatamodeld */,
				36D919922A3A3989001F91EE /* Preview Content */,
			);
			path = MoodBoost;
			sourceTree = "<group>";
		};
		36D919922A3A3989001F91EE /* Preview Content */ = {
			isa = PBXGroup;
			children = (
				36D919932A3A3989001F91EE /* Preview Assets.xcassets */,
			);
			path = "Preview Content";
			sourceTree = "<group>";
		};
/* End PBXGroup section */

/* Begin PBXNativeTarget section */
		36D919882A3A3986001F91EE /* MoodBoost */ = {
			isa = PBXNativeTarget;
			buildConfigurationList = 36D9199C2A3A3989001F91EE /* Build configuration list for PBXNativeTarget "MoodBoost" */;
			buildPhases = (
				36D919852A3A3986001F91EE /* Sources */,
				36D919862A3A3986001F91EE /* Frameworks */,
				36D919872A3A3986001F91EE /* Resources */,
			);
			buildRules = (
			);
			dependencies = (
			);
			name = MoodBoost;
			productName = MoodBoost;
			productReference = 36D919892A3A3986001F91EE /* MoodBoost.app */;
			productType = "com.apple.product-type.application";
		};
/* End PBXNativeTarget section */

/* Begin PBXProject section */
		36D919812A3A3986001F91EE /* Project object */ = {
			isa = PBXProject;
			attributes = {
				BuildIndependentTargetsInParallel = 1;
				LastSwiftUpdateCheck = 1430;
				LastUpgradeCheck = 1430;
				TargetAttributes = {
					36D919882A3A3986001F91EE = {
						CreatedOnToolsVersion = 14.3;
					};
				};
			};
			buildConfigurationList = 36D919842A3A3986001F91EE /* Build configuration list for PBXProject "MoodBoost" */;
			compatibilityVersion = "Xcode 14.0";
			developmentRegion = en;
			hasScannedForEncodings = 0;
			knownRegions = (
				en,
				Base,
			);
			mainGroup = 36D919802A3A3986001F91EE;
			productRefGroup = 36D9198A2A3A3986001F91EE /* Products */;
			projectDirPath = "";
			projectRoot = "";
			targets = (
				36D919882A3A3986001F91EE /* MoodBoost */,
			);
		};
/* End PBXProject section */

/* Begin PBXResourcesBuildPhase section */
		36D919872A3A3986001F91EE /* Resources */ = {
			isa = PBXResourcesBuildPhase;
			buildActionMask = 2147483647;
			files = (
				36D919942A3A3989001F91EE /* Preview Assets.xcassets in Resources */,
				36D919912A3A3989001F91EE /* Assets.xcassets in Resources */,
			);
			runOnlyForDeploymentPostprocessing = 0;
		};
/* End PBXResourcesBuildPhase section */

/* Begin PBXSourcesBuildPhase section */
		36D919852A3A3986001F91EE /* Sources */ = {
			isa = PBXSourcesBuildPhase;
			buildActionMask = 2147483647;
			files = (
				36D919A62A3A4335001F91EE /* AngryPage.swift in Sources */,
				36D919A02A3A42B7001F91EE /* EmotionPage.swift in Sources */,
				36D919A42A3A430F001F91EE /* SadPage.swift in Sources */,
				36D919992A3A3989001F91EE /* MoodBoost.xcdatamodeld in Sources */,
				36D919962A3A3989001F91EE /* Persistence.swift in Sources */,
				36D919B22A3A44AA001F91EE /* AngryResources.swift in Sources */,
				36D919A82A3A43EC001F91EE /* AnxiousJournal.swift in Sources */,
				36D9198F2A3A3986001F91EE /* ContentView.swift in Sources */,
				36D919B02A3A4475001F91EE /* SadResources.swift in Sources */,
				36D919A22A3A42F3001F91EE /* AnxiousPage.swift in Sources */,
				36D919AA2A3A4402001F91EE /* SadJournal.swift in Sources */,
				36D9198D2A3A3986001F91EE /* MoodBoostApp.swift in Sources */,
				36D919AC2A3A4416001F91EE /* AngryJournal.swift in Sources */,
				36D919AE2A3A4459001F91EE /* AnxiousResources.swift in Sources */,
			);
			runOnlyForDeploymentPostprocessing = 0;
		};
/* End PBXSourcesBuildPhase section */

/* Begin XCBuildConfiguration section */
		36D9199A2A3A3989001F91EE /* Debug */ = {
			isa = XCBuildConfiguration;
			buildSettings = {
				ALWAYS_SEARCH_USER_PATHS = NO;
				CLANG_ANALYZER_NONNULL = YES;
				CLANG_ANALYZER_NUMBER_OBJECT_CONVERSION = YES_AGGRESSIVE;
				CLANG_CXX_LANGUAGE_STANDARD = "gnu++20";
				CLANG_ENABLE_MODULES = YES;
				CLANG_ENABLE_OBJC_ARC = YES;
				CLANG_ENABLE_OBJC_WEAK = YES;
				CLANG_WARN_BLOCK_CAPTURE_AUTORELEASING = YES;
				CLANG_WARN_BOOL_CONVERSION = YES;
				CLANG_WARN_COMMA = YES;
				CLANG_WARN_CONSTANT_CONVERSION = YES;
				CLANG_WARN_DEPRECATED_OBJC_IMPLEMENTATIONS = YES;
				CLANG_WARN_DIRECT_OBJC_ISA_USAGE = YES_ERROR;
				CLANG_WARN_DOCUMENTATION_COMMENTS = YES;
				CLANG_WARN_EMPTY_BODY = YES;
				CLANG_WARN_ENUM_CONVERSION = YES;
				CLANG_WARN_INFINITE_RECURSION = YES;
				CLANG_WARN_INT_CONVERSION = YES;
				CLANG_WARN_NON_LITERAL_NULL_CONVERSION = YES;
				CLANG_WARN_OBJC_IMPLICIT_RETAIN_SELF = YES;
				CLANG_WARN_OBJC_LITERAL_CONVERSION = YES;
				CLANG_WARN_OBJC_ROOT_CLASS = YES_ERROR;
				CLANG_WARN_QUOTED_INCLUDE_IN_FRAMEWORK_HEADER = YES;
				CLANG_WARN_RANGE_LOOP_ANALYSIS = YES;
				CLANG_WARN_STRICT_PROTOTYPES = YES;
				CLANG_WARN_SUSPICIOUS_MOVE = YES;
				CLANG_WARN_UNGUARDED_AVAILABILITY = YES_AGGRESSIVE;
				CLANG_WARN_UNREACHABLE_CODE = YES;
				CLANG_WARN__DUPLICATE_METHOD_MATCH = YES;
				COPY_PHASE_STRIP = NO;
				DEBUG_INFORMATION_FORMAT = dwarf;
				ENABLE_STRICT_OBJC_MSGSEND = YES;
				ENABLE_TESTABILITY = YES;
				GCC_C_LANGUAGE_STANDARD = gnu11;
				GCC_DYNAMIC_NO_PIC = NO;
				GCC_NO_COMMON_BLOCKS = YES;
				GCC_OPTIMIZATION_LEVEL = 0;
				GCC_PREPROCESSOR_DEFINITIONS = (
					"DEBUG=1",
					"$(inherited)",
				);
				GCC_WARN_64_TO_32_BIT_CONVERSION = YES;
				GCC_WARN_ABOUT_RETURN_TYPE = YES_ERROR;
				GCC_WARN_UNDECLARED_SELECTOR = YES;
				GCC_WARN_UNINITIALIZED_AUTOS = YES_AGGRESSIVE;
				GCC_WARN_UNUSED_FUNCTION = YES;
				GCC_WARN_UNUSED_VARIABLE = YES;
				IPHONEOS_DEPLOYMENT_TARGET = 16.4;
				MTL_ENABLE_DEBUG_INFO = INCLUDE_SOURCE;
				MTL_FAST_MATH = YES;
				ONLY_ACTIVE_ARCH = YES;
				SDKROOT = iphoneos;
				SWIFT_ACTIVE_COMPILATION_CONDITIONS = DEBUG;
				SWIFT_OPTIMIZATION_LEVEL = "-Onone";
			};
			name = Debug;
		};
		36D9199B2A3A3989001F91EE /* Release */ = {
			isa = XCBuildConfiguration;
			buildSettings = {
				ALWAYS_SEARCH_USER_PATHS = NO;
				CLANG_ANALYZER_NONNULL = YES;
				CLANG_ANALYZER_NUMBER_OBJECT_CONVERSION = YES_AGGRESSIVE;
				CLANG_CXX_LANGUAGE_STANDARD = "gnu++20";
				CLANG_ENABLE_MODULES = YES;
				CLANG_ENABLE_OBJC_ARC = YES;
				CLANG_ENABLE_OBJC_WEAK = YES;
				CLANG_WARN_BLOCK_CAPTURE_AUTORELEASING = YES;
				CLANG_WARN_BOOL_CONVERSION = YES;
				CLANG_WARN_COMMA = YES;
				CLANG_WARN_CONSTANT_CONVERSION = YES;
				CLANG_WARN_DEPRECATED_OBJC_IMPLEMENTATIONS = YES;
				CLANG_WARN_DIRECT_OBJC_ISA_USAGE = YES_ERROR;
				CLANG_WARN_DOCUMENTATION_COMMENTS = YES;
				CLANG_WARN_EMPTY_BODY = YES;
				CLANG_WARN_ENUM_CONVERSION = YES;
				CLANG_WARN_INFINITE_RECURSION = YES;
				CLANG_WARN_INT_CONVERSION = YES;
				CLANG_WARN_NON_LITERAL_NULL_CONVERSION = YES;
				CLANG_WARN_OBJC_IMPLICIT_RETAIN_SELF = YES;
				CLANG_WARN_OBJC_LITERAL_CONVERSION = YES;
				CLANG_WARN_OBJC_ROOT_CLASS = YES_ERROR;
				CLANG_WARN_QUOTED_INCLUDE_IN_FRAMEWORK_HEADER = YES;
				CLANG_WARN_RANGE_LOOP_ANALYSIS = YES;
				CLANG_WARN_STRICT_PROTOTYPES = YES;
				CLANG_WARN_SUSPICIOUS_MOVE = YES;
				CLANG_WARN_UNGUARDED_AVAILABILITY = YES_AGGRESSIVE;
				CLANG_WARN_UNREACHABLE_CODE = YES;
				CLANG_WARN__DUPLICATE_METHOD_MATCH = YES;
				COPY_PHASE_STRIP = NO;
				DEBUG_INFORMATION_FORMAT = "dwarf-with-dsym";
				ENABLE_NS_ASSERTIONS = NO;
				ENABLE_STRICT_OBJC_MSGSEND = YES;
				GCC_C_LANGUAGE_STANDARD = gnu11;
				GCC_NO_COMMON_BLOCKS = YES;
				GCC_WARN_64_TO_32_BIT_CONVERSION = YES;
				GCC_WARN_ABOUT_RETURN_TYPE = YES_ERROR;
				GCC_WARN_UNDECLARED_SELECTOR = YES;
				GCC_WARN_UNINITIALIZED_AUTOS = YES_AGGRESSIVE;
				GCC_WARN_UNUSED_FUNCTION = YES;
				GCC_WARN_UNUSED_VARIABLE = YES;
				IPHONEOS_DEPLOYMENT_TARGET = 16.4;
				MTL_ENABLE_DEBUG_INFO = NO;
				MTL_FAST_MATH = YES;
				SDKROOT = iphoneos;
				SWIFT_COMPILATION_MODE = wholemodule;
				SWIFT_OPTIMIZATION_LEVEL = "-O";
				VALIDATE_PRODUCT = YES;
			};
			name = Release;
		};
		36D9199D2A3A3989001F91EE /* Debug */ = {
			isa = XCBuildConfiguration;
			buildSettings = {
				ASSETCATALOG_COMPILER_APPICON_NAME = AppIcon;
				ASSETCATALOG_COMPILER_GLOBAL_ACCENT_COLOR_NAME = AccentColor;
				CODE_SIGN_STYLE = Automatic;
				CURRENT_PROJECT_VERSION = 1;
				DEVELOPMENT_ASSET_PATHS = "\"MoodBoost/Preview Content\"";
				DEVELOPMENT_TEAM = 4278FHK8V5;
				ENABLE_PREVIEWS = YES;
				GENERATE_INFOPLIST_FILE = YES;
				INFOPLIST_KEY_UIApplicationSceneManifest_Generation = YES;
				INFOPLIST_KEY_UIApplicationSupportsIndirectInputEvents = YES;
				INFOPLIST_KEY_UILaunchScreen_Generation = YES;
				INFOPLIST_KEY_UISupportedInterfaceOrientations_iPad = "UIInterfaceOrientationPortrait UIInterfaceOrientationPortraitUpsideDown UIInterfaceOrientationLandscapeLeft UIInterfaceOrientationLandscapeRight";
				INFOPLIST_KEY_UISupportedInterfaceOrientations_iPhone = "UIInterfaceOrientationPortrait UIInterfaceOrientationLandscapeLeft UIInterfaceOrientationLandscapeRight";
				LD_RUNPATH_SEARCH_PATHS = (
					"$(inherited)",
					"@executable_path/Frameworks",
				);
				MARKETING_VERSION = 1.0;
				PRODUCT_BUNDLE_IDENTIFIER = KWK.MoodBoost;
				PRODUCT_NAME = "$(TARGET_NAME)";
				SWIFT_EMIT_LOC_STRINGS = YES;
				SWIFT_VERSION = 5.0;
				TARGETED_DEVICE_FAMILY = "1,2";
			};
			name = Debug;
		};
		36D9199E2A3A3989001F91EE /* Release */ = {
			isa = XCBuildConfiguration;
			buildSettings = {
				ASSETCATALOG_COMPILER_APPICON_NAME = AppIcon;
				ASSETCATALOG_COMPILER_GLOBAL_ACCENT_COLOR_NAME = AccentColor;
				CODE_SIGN_STYLE = Automatic;
				CURRENT_PROJECT_VERSION = 1;
				DEVELOPMENT_ASSET_PATHS = "\"MoodBoost/Preview Content\"";
				DEVELOPMENT_TEAM = 4278FHK8V5;
				ENABLE_PREVIEWS = YES;
				GENERATE_INFOPLIST_FILE = YES;
				INFOPLIST_KEY_UIApplicationSceneManifest_Generation = YES;
				INFOPLIST_KEY_UIApplicationSupportsIndirectInputEvents = YES;
				INFOPLIST_KEY_UILaunchScreen_Generation = YES;
				INFOPLIST_KEY_UISupportedInterfaceOrientations_iPad = "UIInterfaceOrientationPortrait UIInterfaceOrientationPortraitUpsideDown UIInterfaceOrientationLandscapeLeft UIInterfaceOrientationLandscapeRight";
				INFOPLIST_KEY_UISupportedInterfaceOrientations_iPhone = "UIInterfaceOrientationPortrait UIInterfaceOrientationLandscapeLeft UIInterfaceOrientationLandscapeRight";
				LD_RUNPATH_SEARCH_PATHS = (
					"$(inherited)",
					"@executable_path/Frameworks",
				);
				MARKETING_VERSION = 1.0;
				PRODUCT_BUNDLE_IDENTIFIER = KWK.MoodBoost;
				PRODUCT_NAME = "$(TARGET_NAME)";
				SWIFT_EMIT_LOC_STRINGS = YES;
				SWIFT_VERSION = 5.0;
				TARGETED_DEVICE_FAMILY = "1,2";
			};
			name = Release;
		};
/* End XCBuildConfiguration section */

/* Begin XCConfigurationList section */
		36D919842A3A3986001F91EE /* Build configuration list for PBXProject "MoodBoost" */ = {
			isa = XCConfigurationList;
			buildConfigurations = (
				36D9199A2A3A3989001F91EE /* Debug */,
				36D9199B2A3A3989001F91EE /* Release */,
			);
			defaultConfigurationIsVisible = 0;
			defaultConfigurationName = Release;
		};
		36D9199C2A3A3989001F91EE /* Build configuration list for PBXNativeTarget "MoodBoost" */ = {
			isa = XCConfigurationList;
			buildConfigurations = (
				36D9199D2A3A3989001F91EE /* Debug */,
				36D9199E2A3A3989001F91EE /* Release */,
			);
			defaultConfigurationIsVisible = 0;
			defaultConfigurationName = Release;
		};
/* End XCConfigurationList section */

/* Begin XCVersionGroup section */
		36D919972A3A3989001F91EE /* MoodBoost.xcdatamodeld */ = {
			isa = XCVersionGroup;
			children = (
				36D919982A3A3989001F91EE /* MoodBoost.xcdatamodel */,
			);
			currentVersion = 36D919982A3A3989001F91EE /* MoodBoost.xcdatamodel */;
			path = MoodBoost.xcdatamodeld;
			sourceTree = "<group>";
			versionGroupType = wrapper.xcdatamodel;
		};
/* End XCVersionGroup section */
	};
	rootObject = 36D919812A3A3986001F91EE /* Project object */;
}
